
Microsoft Visual Studio Solution File, Format Version 12.00
# Visual Studio Version 16
VisualStudioVersion = 16.0.31019.35
MinimumVisualStudioVersion = 10.0.40219.1
Project("{FAE04EC0-301F-11D3-BF4B-00C04F79EFBC}") = "AplikasiLatihanTiga3", "AplikasiLatihanTiga3\AplikasiLatihanTiga3.csproj", "{605BCBFA-B09E-4AD1-BE49-7138E58188DE}"
EndProject
Global
	GlobalSection(SolutionConfigurationPlatforms) = preSolution
		Debug|Any CPU = Debug|Any CPU
		Release|Any CPU = Release|Any CPU
	EndGlobalSection
	GlobalSection(ProjectConfigurationPlatforms) = postSolution
		{605BCBFA-B09E-4AD1-BE49-7138E58188DE}.Debug|Any CPU.ActiveCfg = Debug|Any CPU
		{605BCBFA-B09E-4AD1-BE49-7138E58188DE}.Debug|Any CPU.Build.0 = Debug|Any CPU
		{605BCBFA-B09E-4AD1-BE49-7138E58188DE}.Release|Any CPU.ActiveCfg = Release|Any CPU
		{605BCBFA-B09E-4AD1-BE49-7138E58188DE}.Release|Any CPU.Build.0 = Release|Any CPU
	EndGlobalSection
	GlobalSection(SolutionProperties) = preSolution
		HideSolutionNode = FALSE
	EndGlobalSection
	GlobalSection(ExtensibilityGlobals) = postSolution
		SolutionGuid = {1DEF8B58-972F-4E9C-AE9C-B1D51A5A2A4C}
	EndGlobalSection
EndGlobal
